{
  "name": "nofishingai-site",
  "version": "1.0.0",
  "lockfileVersion": 3,
  "requires": true,
  "packages": {
    "": {
      "name": "nofishingai-site",
      "version": "1.0.0",
      "license": "ISC",
      "dependencies": {
        "nodemailer": "^8.0.4",
        "stripe": "^21.0.1"
      }
    },
    "node_modules/nodemailer": {
      "version": "8.0.4",
      "resolved": "https://registry.npmjs.org/nodemailer/-/nodemailer-8.0.4.tgz",
      "integrity": "sha512-k+jf6N8PfQJ0Fe8ZhJlgqU5qJU44Lpvp2yvidH3vp1lPnVQMgi4yEEMPXg5eJS1gFIJTVq1NHBk7Ia9ARdSBdQ==",
      "license": "MIT-0",
      "engines": {
        "node": ">=6.0.0"
      }
    },
    "node_modules/stripe": {
      "version": "21.0.1",
      "resolved": "https://registry.npmjs.org/stripe/-/stripe-21.0.1.tgz",
      "integrity": "sha512-ocv0j7dWttswDWV2XL/kb6+yiLpDXNXL3RQAOB5OB2kr49z0cEatdQc12+zP/j5nrXk6rAsT4N3y/NUvBbK7Pw==",
      "license": "MIT",
      "engines": {
        "node": ">=18"
      },
      "peerDependencies": {
        "@types/node": ">=18"
      },
      "peerDependenciesMeta": {
        "@types/node": {
          "optional": true
        }
      }
    }
  }
}
